
Microsoft Visual Studio Solution File, Format Version 12.00
# Visual Studio Version 17
VisualStudioVersion = 17.7.34024.191
MinimumVisualStudioVersion = 10.0.40219.1
Project("{FAE04EC0-301F-11D3-BF4B-00C04F79EFBC}") = "IfPractice", "IfPractice\IfPractice.csproj", "{BD7EEFF8-E1F1-4E4C-96C0-9BDB953F5456}"
EndProject
Global
	GlobalSection(SolutionConfigurationPlatforms) = preSolution
		Debug|Any CPU = Debug|Any CPU
		Release|Any CPU = Release|Any CPU
	EndGlobalSection
	GlobalSection(ProjectConfigurationPlatforms) = postSolution
		{BD7EEFF8-E1F1-4E4C-96C0-9BDB953F5456}.Debug|Any CPU.ActiveCfg = Debug|Any CPU
		{BD7EEFF8-E1F1-4E4C-96C0-9BDB953F5456}.Debug|Any CPU.Build.0 = Debug|Any CPU
		{BD7EEFF8-E1F1-4E4C-96C0-9BDB953F5456}.Release|Any CPU.ActiveCfg = Release|Any CPU
		{BD7EEFF8-E1F1-4E4C-96C0-9BDB953F5456}.Release|Any CPU.Build.0 = Release|Any CPU
	EndGlobalSection
	GlobalSection(SolutionProperties) = preSolution
		HideSolutionNode = FALSE
	EndGlobalSection
	GlobalSection(ExtensibilityGlobals) = postSolution
		SolutionGuid = {827883A6-893C-4983-9ECC-09F8DDBB4468}
	EndGlobalSection
EndGlobal
