
Microsoft Visual Studio Solution File, Format Version 12.00
# Visual Studio Version 17
VisualStudioVersion = 17.7.34024.191
MinimumVisualStudioVersion = 10.0.40219.1
Project("{FAE04EC0-301F-11D3-BF4B-00C04F79EFBC}") = "WebApplication1", "WebApplication1\WebApplication1.csproj", "{72BDE31C-4639-4C1A-80DB-276A9FA341D3}"
EndProject
Global
	GlobalSection(SolutionConfigurationPlatforms) = preSolution
		Debug|Any CPU = Debug|Any CPU
		Release|Any CPU = Release|Any CPU
	EndGlobalSection
	GlobalSection(ProjectConfigurationPlatforms) = postSolution
		{72BDE31C-4639-4C1A-80DB-276A9FA341D3}.Debug|Any CPU.ActiveCfg = Debug|Any CPU
		{72BDE31C-4639-4C1A-80DB-276A9FA341D3}.Debug|Any CPU.Build.0 = Debug|Any CPU
		{72BDE31C-4639-4C1A-80DB-276A9FA341D3}.Release|Any CPU.ActiveCfg = Release|Any CPU
		{72BDE31C-4639-4C1A-80DB-276A9FA341D3}.Release|Any CPU.Build.0 = Release|Any CPU
	EndGlobalSection
	GlobalSection(SolutionProperties) = preSolution
		HideSolutionNode = FALSE
	EndGlobalSection
	GlobalSection(ExtensibilityGlobals) = postSolution
		SolutionGuid = {A678DB12-9252-4BB8-80C9-48F52FBD788C}
	EndGlobalSection
EndGlobal
